# THIS IS AN AUTOGENERATED FILE. DO NOT EDIT THIS FILE DIRECTLY.
# yarn lockfile v1


"@alwatr/logger@^0.16.0":
  version "0.16.0"
  resolved "https://registry.yarnpkg.com/@alwatr/logger/-/logger-0.16.0.tgz#d8cc9ff36d6727219bea04296ee96b28fd8e9e50"
  integrity sha512-yCY/oBmQraH1IJHHvXmX6JpiDmzSbaYCb3giwHbRovb4Zyhqi+h29s30gDuZAjsJ6G1gYY35Yz8xwfL7NXonrA==
  dependencies:
    tslib "^2.3.1"

"@webkn/storage@^0.0.4":
  version "0.0.4"
  resolved "https://registry.yarnpkg.com/@webkn/storage/-/storage-0.0.4.tgz#8933cc30b031b218b85a394e15a403a7e26ed5a4"
  integrity sha512-KuXDOdQhoITgc60hJ6tr689Hon037Z95lFKI6KG6wTpTCbN8yv1dBuXAd5iT2PbY+kvc+lzH1kj4SqFe11AaNA==
  dependencies:
    "@alwatr/logger" "^0.16.0"
    exit-hook "^3.1.0"
    uuid "^9.0.0"

exit-hook@^3.1.0:
  version "3.1.1"
  resolved "https://registry.yarnpkg.com/exit-hook/-/exit-hook-3.1.1.tgz#52ee17128dd4aaec521de740737df3df16ae4582"
  integrity sha512-8zul4XiHQxkCl2ukCuNhKv0MXgsr+Nm/N3umNoJnDUlLLz2iWGo1kd5Y243uUhc9peULX08V2t7yKDHkwpqK4g==

tslib@^2.3.1:
  version "2.4.0"
  resolved "https://registry.yarnpkg.com/tslib/-/tslib-2.4.0.tgz#7cecaa7f073ce680a05847aa77be941098f36dc3"
  integrity sha512-d6xOpEDfsi2CZVlPQzGeux8XMwLT9hssAsaPYExaQMuYskwb+x1x7J371tWlbBdWHroy99KnVB6qIkUbs5X3UQ==

typescript@^4.8.4:
  version "4.8.4"
  resolved "https://registry.yarnpkg.com/typescript/-/typescript-4.8.4.tgz#c464abca159669597be5f96b8943500b238e60e6"
  integrity sha512-QCh+85mCy+h0IGff8r5XWzOVSbBO+KfeYrMQh7NJ58QujwcE22u+NUSmUxqF+un70P9GXKxa2HCNiTTMJknyjQ==

uuid@^9.0.0:
  version "9.0.0"
  resolved "https://registry.yarnpkg.com/uuid/-/uuid-9.0.0.tgz#592f550650024a38ceb0c562f2f6aa435761efb5"
  integrity sha512-MXcSTerfPa4uqyzStbRoTgt5XIe3x5+42+q1sDuy3R5MDk66URdLMOZe5aPX/SQd+kuYAh0FdP/pO28IkQyTeg==
